
Microsoft Visual Studio Solution File, Format Version 12.00
# Visual Studio Version 17
VisualStudioVersion = 17.4.33213.308
MinimumVisualStudioVersion = 10.0.40219.1
Project("{9A19103F-16F7-4668-BE54-9A1E7A4F7556}") = "OPCDA", "OPCDA\OPCDA.csproj", "{B3011004-7F58-490E-9DBC-A6D9528658E9}"
EndProject
Project("{9A19103F-16F7-4668-BE54-9A1E7A4F7556}") = "TestSample", "TestSample\TestSample.csproj", "{109E6535-E2BC-4633-97F9-477DAB20E1F7}"
EndProject
Project("{9A19103F-16F7-4668-BE54-9A1E7A4F7556}") = "ConfigDB", "ConfigDB\ConfigDB.csproj", "{6970C96C-5FD7-4B28-9A1F-41ADF87C74ED}"
EndProject
Project("{9A19103F-16F7-4668-BE54-9A1E7A4F7556}") = "CommunicationSerivices", "CommunicationSerivices\CommunicationSerivices.csproj", "{E0D98FED-DE44-49CB-9C6F-D2CE8CD88EFD}"
EndProject
Project("{FAE04EC0-301F-11D3-BF4B-00C04F79EFBC}") = "OPCDAApp", "OPCDAApp\OPCDAApp.csproj", "{42BF41C4-B0FF-4CFE-8772-CCC6C955824E}"
EndProject
Global
	GlobalSection(SolutionConfigurationPlatforms) = preSolution
		Debug|Any CPU = Debug|Any CPU
		Release|Any CPU = Release|Any CPU
	EndGlobalSection
	GlobalSection(ProjectConfigurationPlatforms) = postSolution
		{B3011004-7F58-490E-9DBC-A6D9528658E9}.Debug|Any CPU.ActiveCfg = Debug|Any CPU
		{B3011004-7F58-490E-9DBC-A6D9528658E9}.Debug|Any CPU.Build.0 = Debug|Any CPU
		{B3011004-7F58-490E-9DBC-A6D9528658E9}.Release|Any CPU.ActiveCfg = Release|Any CPU
		{B3011004-7F58-490E-9DBC-A6D9528658E9}.Release|Any CPU.Build.0 = Release|Any CPU
		{109E6535-E2BC-4633-97F9-477DAB20E1F7}.Debug|Any CPU.ActiveCfg = Debug|Any CPU
		{109E6535-E2BC-4633-97F9-477DAB20E1F7}.Debug|Any CPU.Build.0 = Debug|Any CPU
		{109E6535-E2BC-4633-97F9-477DAB20E1F7}.Release|Any CPU.ActiveCfg = Release|Any CPU
		{109E6535-E2BC-4633-97F9-477DAB20E1F7}.Release|Any CPU.Build.0 = Release|Any CPU
		{6970C96C-5FD7-4B28-9A1F-41ADF87C74ED}.Debug|Any CPU.ActiveCfg = Debug|Any CPU
		{6970C96C-5FD7-4B28-9A1F-41ADF87C74ED}.Debug|Any CPU.Build.0 = Debug|Any CPU
		{6970C96C-5FD7-4B28-9A1F-41ADF87C74ED}.Release|Any CPU.ActiveCfg = Release|Any CPU
		{6970C96C-5FD7-4B28-9A1F-41ADF87C74ED}.Release|Any CPU.Build.0 = Release|Any CPU
		{E0D98FED-DE44-49CB-9C6F-D2CE8CD88EFD}.Debug|Any CPU.ActiveCfg = Debug|Any CPU
		{E0D98FED-DE44-49CB-9C6F-D2CE8CD88EFD}.Debug|Any CPU.Build.0 = Debug|Any CPU
		{E0D98FED-DE44-49CB-9C6F-D2CE8CD88EFD}.Release|Any CPU.ActiveCfg = Release|Any CPU
		{E0D98FED-DE44-49CB-9C6F-D2CE8CD88EFD}.Release|Any CPU.Build.0 = Release|Any CPU
		{42BF41C4-B0FF-4CFE-8772-CCC6C955824E}.Debug|Any CPU.ActiveCfg = Debug|Any CPU
		{42BF41C4-B0FF-4CFE-8772-CCC6C955824E}.Debug|Any CPU.Build.0 = Debug|Any CPU
		{42BF41C4-B0FF-4CFE-8772-CCC6C955824E}.Debug|Any CPU.Deploy.0 = Debug|Any CPU
		{42BF41C4-B0FF-4CFE-8772-CCC6C955824E}.Release|Any CPU.ActiveCfg = Release|Any CPU
		{42BF41C4-B0FF-4CFE-8772-CCC6C955824E}.Release|Any CPU.Build.0 = Release|Any CPU
		{42BF41C4-B0FF-4CFE-8772-CCC6C955824E}.Release|Any CPU.Deploy.0 = Release|Any CPU
	EndGlobalSection
	GlobalSection(SolutionProperties) = preSolution
		HideSolutionNode = FALSE
	EndGlobalSection
	GlobalSection(ExtensibilityGlobals) = postSolution
		SolutionGuid = {6913A2E8-6EE6-49BC-A262-B8C7BAE7393C}
	EndGlobalSection
EndGlobal
